// !$*UTF8*$!
{
	archiveVersion = 1;
	classes = {
	};
	objectVersion = 50;
	objects = {

/* Begin PBXBuildFile section */
		A52EDBBC22811478006003BC /* HBNavigationBar.m in Sources */ = {isa = PBXBuildFile; fileRef = A52EDBBB22811478006003BC /* HBNavigationBar.m */; };
		A52EDBBF228118C2006003BC /* UIViewController+HBNavigation.m in Sources */ = {isa = PBXBuildFile; fileRef = A52EDBBE228118C2006003BC /* UIViewController+HBNavigation.m */; };
		A5413AC42282AFB100CC6238 /* DetailViewController.m in Sources */ = {isa = PBXBuildFile; fileRef = A5413AC32282AFB100CC6238 /* DetailViewController.m */; };
		A5413AC72282B50300CC6238 /* UIViewController+HBNavItem.m in Sources */ = {isa = PBXBuildFile; fileRef = A5413AC62282B50300CC6238 /* UIViewController+HBNavItem.m */; };
		A5413ACA2282C67100CC6238 /* MenuModel.m in Sources */ = {isa = PBXBuildFile; fileRef = A5413AC92282C67100CC6238 /* MenuModel.m */; };
		A5413ACD2282CACE00CC6238 /* UIImage+Add.m in Sources */ = {isa = PBXBuildFile; fileRef = A5413ACC2282CACE00CC6238 /* UIImage+Add.m */; };
		A5413AD02282CB3500CC6238 /* TranslucentViewController.m in Sources */ = {isa = PBXBuildFile; fileRef = A5413ACF2282CB3500CC6238 /* TranslucentViewController.m */; };
		A5413AD32282CE7200CC6238 /* GradientViewController.m in Sources */ = {isa = PBXBuildFile; fileRef = A5413AD22282CE7200CC6238 /* GradientViewController.m */; };
		A55CE12B228029AE002399D3 /* AppDelegate.m in Sources */ = {isa = PBXBuildFile; fileRef = A55CE12A228029AE002399D3 /* AppDelegate.m */; };
		A55CE12E228029AE002399D3 /* ViewController.m in Sources */ = {isa = PBXBuildFile; fileRef = A55CE12D228029AE002399D3 /* ViewController.m */; };
		A55CE131228029AE002399D3 /* Main.storyboard in Resources */ = {isa = PBXBuildFile; fileRef = A55CE12F228029AE002399D3 /* Main.storyboard */; };
		A55CE133228029B8002399D3 /* Assets.xcassets in Resources */ = {isa = PBXBuildFile; fileRef = A55CE132228029B8002399D3 /* Assets.xcassets */; };
		A55CE136228029B8002399D3 /* LaunchScreen.storyboard in Resources */ = {isa = PBXBuildFile; fileRef = A55CE134228029B8002399D3 /* LaunchScreen.storyboard */; };
		A55CE139228029B8002399D3 /* main.m in Sources */ = {isa = PBXBuildFile; fileRef = A55CE138228029B8002399D3 /* main.m */; };
		A55CE14222802A2C002399D3 /* HBNavigationController.m in Sources */ = {isa = PBXBuildFile; fileRef = A55CE14122802A2C002399D3 /* HBNavigationController.m */; };
/* End PBXBuildFile section */

/* Begin PBXFileReference section */
		A52EDBBA22811478006003BC /* HBNavigationBar.h */ = {isa = PBXFileReference; lastKnownFileType = sourcecode.c.h; path = HBNavigationBar.h; sourceTree = "<group>"; };
		A52EDBBB22811478006003BC /* HBNavigationBar.m */ = {isa = PBXFileReference; lastKnownFileType = sourcecode.c.objc; path = HBNavigationBar.m; sourceTree = "<group>"; };
		A52EDBBD228118C2006003BC /* UIViewController+HBNavigation.h */ = {isa = PBXFileReference; lastKnownFileType = sourcecode.c.h; path = "UIViewController+HBNavigation.h"; sourceTree = "<group>"; };
		A52EDBBE228118C2006003BC /* UIViewController+HBNavigation.m */ = {isa = PBXFileReference; lastKnownFileType = sourcecode.c.objc; path = "UIViewController+HBNavigation.m"; sourceTree = "<group>"; };
		A5413AC22282AFB100CC6238 /* DetailViewController.h */ = {isa = PBXFileReference; lastKnownFileType = sourcecode.c.h; path = DetailViewController.h; sourceTree = "<group>"; };
		A5413AC32282AFB100CC6238 /* DetailViewController.m */ = {isa = PBXFileReference; lastKnownFileType = sourcecode.c.objc; path = DetailViewController.m; sourceTree = "<group>"; };
		A5413AC52282B50300CC6238 /* UIViewController+HBNavItem.h */ = {isa = PBXFileReference; lastKnownFileType = sourcecode.c.h; path = "UIViewController+HBNavItem.h"; sourceTree = "<group>"; };
		A5413AC62282B50300CC6238 /* UIViewController+HBNavItem.m */ = {isa = PBXFileReference; lastKnownFileType = sourcecode.c.objc; path = "UIViewController+HBNavItem.m"; sourceTree = "<group>"; };
		A5413AC82282C67100CC6238 /* MenuModel.h */ = {isa = PBXFileReference; lastKnownFileType = sourcecode.c.h; path = MenuModel.h; sourceTree = "<group>"; };
		A5413AC92282C67100CC6238 /* MenuModel.m */ = {isa = PBXFileReference; lastKnownFileType = sourcecode.c.objc; path = MenuModel.m; sourceTree = "<group>"; };
		A5413ACB2282CACE00CC6238 /* UIImage+Add.h */ = {isa = PBXFileReference; lastKnownFileType = sourcecode.c.h; path = "UIImage+Add.h"; sourceTree = "<group>"; };
		A5413ACC2282CACE00CC6238 /* UIImage+Add.m */ = {isa = PBXFileReference; lastKnownFileType = sourcecode.c.objc; path = "UIImage+Add.m"; sourceTree = "<group>"; };
		A5413ACE2282CB3500CC6238 /* TranslucentViewController.h */ = {isa = PBXFileReference; lastKnownFileType = sourcecode.c.h; path = TranslucentViewController.h; sourceTree = "<group>"; };
		A5413ACF2282CB3500CC6238 /* TranslucentViewController.m */ = {isa = PBXFileReference; lastKnownFileType = sourcecode.c.objc; path = TranslucentViewController.m; sourceTree = "<group>"; };
		A5413AD12282CE7200CC6238 /* GradientViewController.h */ = {isa = PBXFileReference; lastKnownFileType = sourcecode.c.h; path = GradientViewController.h; sourceTree = "<group>"; };
		A5413AD22282CE7200CC6238 /* GradientViewController.m */ = {isa = PBXFileReference; lastKnownFileType = sourcecode.c.objc; path = GradientViewController.m; sourceTree = "<group>"; };
		A55CE126228029AE002399D3 /* HBNavigationControllerDemo.app */ = {isa = PBXFileReference; explicitFileType = wrapper.application; includeInIndex = 0; path = HBNavigationControllerDemo.app; sourceTree = BUILT_PRODUCTS_DIR; };
		A55CE129228029AE002399D3 /* AppDelegate.h */ = {isa = PBXFileReference; lastKnownFileType = sourcecode.c.h; path = AppDelegate.h; sourceTree = "<group>"; };
		A55CE12A228029AE002399D3 /* AppDelegate.m */ = {isa = PBXFileReference; lastKnownFileType = sourcecode.c.objc; path = AppDelegate.m; sourceTree = "<group>"; };
		A55CE12C228029AE002399D3 /* ViewController.h */ = {isa = PBXFileReference; lastKnownFileType = sourcecode.c.h; path = ViewController.h; sourceTree = "<group>"; };
		A55CE12D228029AE002399D3 /* ViewController.m */ = {isa = PBXFileReference; lastKnownFileType = sourcecode.c.objc; path = ViewController.m; sourceTree = "<group>"; };
		A55CE130228029AE002399D3 /* Base */ = {isa = PBXFileReference; lastKnownFileType = file.storyboard; name = Base; path = Base.lproj/Main.storyboard; sourceTree = "<group>"; };
		A55CE132228029B8002399D3 /* Assets.xcassets */ = {isa = PBXFileReference; lastKnownFileType = folder.assetcatalog; path = Assets.xcassets; sourceTree = "<group>"; };
		A55CE135228029B8002399D3 /* Base */ = {isa = PBXFileReference; lastKnownFileType = file.storyboard; name = Base; path = Base.lproj/LaunchScreen.storyboard; sourceTree = "<group>"; };
		A55CE137228029B8002399D3 /* Info.plist */ = {isa = PBXFileReference; lastKnownFileType = text.plist.xml; path = Info.plist; sourceTree = "<group>"; };
		A55CE138228029B8002399D3 /* main.m */ = {isa = PBXFileReference; lastKnownFileType = sourcecode.c.objc; path = main.m; sourceTree = "<group>"; };
		A55CE14022802A2C002399D3 /* HBNavigationController.h */ = {isa = PBXFileReference; lastKnownFileType = sourcecode.c.h; path = HBNavigationController.h; sourceTree = "<group>"; };
		A55CE14122802A2C002399D3 /* HBNavigationController.m */ = {isa = PBXFileReference; lastKnownFileType = sourcecode.c.objc; path = HBNavigationController.m; sourceTree = "<group>"; };
/* End PBXFileReference section */

/* Begin PBXFrameworksBuildPhase section */
		A55CE123228029AE002399D3 /* Frameworks */ = {
			isa = PBXFrameworksBuildPhase;
			buildActionMask = 2147483647;
			files = (
			);
			runOnlyForDeploymentPostprocessing = 0;
		};
/* End PBXFrameworksBuildPhase section */

/* Begin PBXGroup section */
		A55CE11D228029AE002399D3 = {
			isa = PBXGroup;
			children = (
				A55CE13F22802A03002399D3 /* HBNavigationController */,
				A55CE128228029AE002399D3 /* HBNavigationControllerDemo */,
				A55CE127228029AE002399D3 /* Products */,
			);
			sourceTree = "<group>";
		};
		A55CE127228029AE002399D3 /* Products */ = {
			isa = PBXGroup;
			children = (
				A55CE126228029AE002399D3 /* HBNavigationControllerDemo.app */,
			);
			name = Products;
			sourceTree = "<group>";
		};
		A55CE128228029AE002399D3 /* HBNavigationControllerDemo */ = {
			isa = PBXGroup;
			children = (
				A55CE129228029AE002399D3 /* AppDelegate.h */,
				A55CE12A228029AE002399D3 /* AppDelegate.m */,
				A5413AC82282C67100CC6238 /* MenuModel.h */,
				A5413AC92282C67100CC6238 /* MenuModel.m */,
				A55CE12C228029AE002399D3 /* ViewController.h */,
				A55CE12D228029AE002399D3 /* ViewController.m */,
				A5413AC22282AFB100CC6238 /* DetailViewController.h */,
				A5413AC32282AFB100CC6238 /* DetailViewController.m */,
				A5413ACE2282CB3500CC6238 /* TranslucentViewController.h */,
				A5413ACF2282CB3500CC6238 /* TranslucentViewController.m */,
				A5413AD12282CE7200CC6238 /* GradientViewController.h */,
				A5413AD22282CE7200CC6238 /* GradientViewController.m */,
				A5413ACB2282CACE00CC6238 /* UIImage+Add.h */,
				A5413ACC2282CACE00CC6238 /* UIImage+Add.m */,
				A55CE12F228029AE002399D3 /* Main.storyboard */,
				A55CE132228029B8002399D3 /* Assets.xcassets */,
				A55CE134228029B8002399D3 /* LaunchScreen.storyboard */,
				A55CE137228029B8002399D3 /* Info.plist */,
				A55CE138228029B8002399D3 /* main.m */,
			);
			path = HBNavigationControllerDemo;
			sourceTree = "<group>";
		};
		A55CE13F22802A03002399D3 /* HBNavigationController */ = {
			isa = PBXGroup;
			children = (
				A55CE14022802A2C002399D3 /* HBNavigationController.h */,
				A55CE14122802A2C002399D3 /* HBNavigationController.m */,
				A52EDBBA22811478006003BC /* HBNavigationBar.h */,
				A52EDBBB22811478006003BC /* HBNavigationBar.m */,
				A52EDBBD228118C2006003BC /* UIViewController+HBNavigation.h */,
				A52EDBBE228118C2006003BC /* UIViewController+HBNavigation.m */,
				A5413AC52282B50300CC6238 /* UIViewController+HBNavItem.h */,
				A5413AC62282B50300CC6238 /* UIViewController+HBNavItem.m */,
			);
			name = HBNavigationController;
			path = ../HBNavigationController;
			sourceTree = "<group>";
		};
/* End PBXGroup section */

/* Begin PBXNativeTarget section */
		A55CE125228029AE002399D3 /* HBNavigationControllerDemo */ = {
			isa = PBXNativeTarget;
			buildConfigurationList = A55CE13C228029B8002399D3 /* Build configuration list for PBXNativeTarget "HBNavigationControllerDemo" */;
			buildPhases = (
				A55CE122228029AE002399D3 /* Sources */,
				A55CE123228029AE002399D3 /* Frameworks */,
				A55CE124228029AE002399D3 /* Resources */,
			);
			buildRules = (
			);
			dependencies = (
			);
			name = HBNavigationControllerDemo;
			productName = HBNavigationControllerDemo;
			productReference = A55CE126228029AE002399D3 /* HBNavigationControllerDemo.app */;
			productType = "com.apple.product-type.application";
		};
/* End PBXNativeTarget section */

/* Begin PBXProject section */
		A55CE11E228029AE002399D3 /* Project object */ = {
			isa = PBXProject;
			attributes = {
				LastUpgradeCheck = 1010;
				ORGANIZATIONNAME = cnvex.cn;
				TargetAttributes = {
					A55CE125228029AE002399D3 = {
						CreatedOnToolsVersion = 10.1;
					};
				};
			};
			buildConfigurationList = A55CE121228029AE002399D3 /* Build configuration list for PBXProject "HBNavigationControllerDemo" */;
			compatibilityVersion = "Xcode 9.3";
			developmentRegion = en;
			hasScannedForEncodings = 0;
			knownRegions = (
				en,
				Base,
			);
			mainGroup = A55CE11D228029AE002399D3;
			productRefGroup = A55CE127228029AE002399D3 /* Products */;
			projectDirPath = "";
			projectRoot = "";
			targets = (
				A55CE125228029AE002399D3 /* HBNavigationControllerDemo */,
			);
		};
/* End PBXProject section */

/* Begin PBXResourcesBuildPhase section */
		A55CE124228029AE002399D3 /* Resources */ = {
			isa = PBXResourcesBuildPhase;
			buildActionMask = 2147483647;
			files = (
				A55CE136228029B8002399D3 /* LaunchScreen.storyboard in Resources */,
				A55CE133228029B8002399D3 /* Assets.xcassets in Resources */,
				A55CE131228029AE002399D3 /* Main.storyboard in Resources */,
			);
			runOnlyForDeploymentPostprocessing = 0;
		};
/* End PBXResourcesBuildPhase section */

/* Begin PBXSourcesBuildPhase section */
		A55CE122228029AE002399D3 /* Sources */ = {
			isa = PBXSourcesBuildPhase;
			buildActionMask = 2147483647;
			files = (
				A5413AD32282CE7200CC6238 /* GradientViewController.m in Sources */,
				A55CE12E228029AE002399D3 /* ViewController.m in Sources */,
				A55CE14222802A2C002399D3 /* HBNavigationController.m in Sources */,
				A55CE139228029B8002399D3 /* main.m in Sources */,
				A5413ACD2282CACE00CC6238 /* UIImage+Add.m in Sources */,
				A52EDBBC22811478006003BC /* HBNavigationBar.m in Sources */,
				A5413ACA2282C67100CC6238 /* MenuModel.m in Sources */,
				A52EDBBF228118C2006003BC /* UIViewController+HBNavigation.m in Sources */,
				A5413AD02282CB3500CC6238 /* TranslucentViewController.m in Sources */,
				A5413AC72282B50300CC6238 /* UIViewController+HBNavItem.m in Sources */,
				A55CE12B228029AE002399D3 /* AppDelegate.m in Sources */,
				A5413AC42282AFB100CC6238 /* DetailViewController.m in Sources */,
			);
			runOnlyForDeploymentPostprocessing = 0;
		};
/* End PBXSourcesBuildPhase section */

/* Begin PBXVariantGroup section */
		A55CE12F228029AE002399D3 /* Main.storyboard */ = {
			isa = PBXVariantGroup;
			children = (
				A55CE130228029AE002399D3 /* Base */,
			);
			name = Main.storyboard;
			sourceTree = "<group>";
		};
		A55CE134228029B8002399D3 /* LaunchScreen.storyboard */ = {
			isa = PBXVariantGroup;
			children = (
				A55CE135228029B8002399D3 /* Base */,
			);
			name = LaunchScreen.storyboard;
			sourceTree = "<group>";
		};
/* End PBXVariantGroup section */

/* Begin XCBuildConfiguration section */
		A55CE13A228029B8002399D3 /* Debug */ = {
			isa = XCBuildConfiguration;
			buildSettings = {
				ALWAYS_SEARCH_USER_PATHS = NO;
				CLANG_ANALYZER_NONNULL = YES;
				CLANG_ANALYZER_NUMBER_OBJECT_CONVERSION = YES_AGGRESSIVE;
				CLANG_CXX_LANGUAGE_STANDARD = "gnu++14";
				CLANG_CXX_LIBRARY = "libc++";
				CLANG_ENABLE_MODULES = YES;
				CLANG_ENABLE_OBJC_ARC = YES;
				CLANG_ENABLE_OBJC_WEAK = YES;
				CLANG_WARN_BLOCK_CAPTURE_AUTORELEASING = YES;
				CLANG_WARN_BOOL_CONVERSION = YES;
				CLANG_WARN_COMMA = YES;
				CLANG_WARN_CONSTANT_CONVERSION = YES;
				CLANG_WARN_DEPRECATED_OBJC_IMPLEMENTATIONS = YES;
				CLANG_WARN_DIRECT_OBJC_ISA_USAGE = YES_ERROR;
				CLANG_WARN_DOCUMENTATION_COMMENTS = YES;
				CLANG_WARN_EMPTY_BODY = YES;
				CLANG_WARN_ENUM_CONVERSION = YES;
				CLANG_WARN_INFINITE_RECURSION = YES;
				CLANG_WARN_INT_CONVERSION = YES;
				CLANG_WARN_NON_LITERAL_NULL_CONVERSION = YES;
				CLANG_WARN_OBJC_IMPLICIT_RETAIN_SELF = YES;
				CLANG_WARN_OBJC_LITERAL_CONVERSION = YES;
				CLANG_WARN_OBJC_ROOT_CLASS = YES_ERROR;
				CLANG_WARN_RANGE_LOOP_ANALYSIS = YES;
				CLANG_WARN_STRICT_PROTOTYPES = YES;
				CLANG_WARN_SUSPICIOUS_MOVE = YES;
				CLANG_WARN_UNGUARDED_AVAILABILITY = YES_AGGRESSIVE;
				CLANG_WARN_UNREACHABLE_CODE = YES;
				CLANG_WARN__DUPLICATE_METHOD_MATCH = YES;
				CODE_SIGN_IDENTITY = "iPhone Developer";
				COPY_PHASE_STRIP = NO;
				DEBUG_INFORMATION_FORMAT = dwarf;
				ENABLE_STRICT_OBJC_MSGSEND = YES;
				ENABLE_TESTABILITY = YES;
				GCC_C_LANGUAGE_STANDARD = gnu11;
				GCC_DYNAMIC_NO_PIC = NO;
				GCC_NO_COMMON_BLOCKS = YES;
				GCC_OPTIMIZATION_LEVEL = 0;
				GCC_PREPROCESSOR_DEFINITIONS = (
					"DEBUG=1",
					"$(inherited)",
				);
				GCC_WARN_64_TO_32_BIT_CONVERSION = YES;
				GCC_WARN_ABOUT_RETURN_TYPE = YES_ERROR;
				GCC_WARN_UNDECLARED_SELECTOR = YES;
				GCC_WARN_UNINITIALIZED_AUTOS = YES_AGGRESSIVE;
				GCC_WARN_UNUSED_FUNCTION = YES;
				GCC_WARN_UNUSED_VARIABLE = YES;
				IPHONEOS_DEPLOYMENT_TARGET = 12.1;
				MTL_ENABLE_DEBUG_INFO = INCLUDE_SOURCE;
				MTL_FAST_MATH = YES;
				ONLY_ACTIVE_ARCH = YES;
				SDKROOT = iphoneos;
			};
			name = Debug;
		};
		A55CE13B228029B8002399D3 /* Release */ = {
			isa = XCBuildConfiguration;
			buildSettings = {
				ALWAYS_SEARCH_USER_PATHS = NO;
				CLANG_ANALYZER_NONNULL = YES;
				CLANG_ANALYZER_NUMBER_OBJECT_CONVERSION = YES_AGGRESSIVE;
				CLANG_CXX_LANGUAGE_STANDARD = "gnu++14";
				CLANG_CXX_LIBRARY = "libc++";
				CLANG_ENABLE_MODULES = YES;
				CLANG_ENABLE_OBJC_ARC = YES;
				CLANG_ENABLE_OBJC_WEAK = YES;
				CLANG_WARN_BLOCK_CAPTURE_AUTORELEASING = YES;
				CLANG_WARN_BOOL_CONVERSION = YES;
				CLANG_WARN_COMMA = YES;
				CLANG_WARN_CONSTANT_CONVERSION = YES;
				CLANG_WARN_DEPRECATED_OBJC_IMPLEMENTATIONS = YES;
				CLANG_WARN_DIRECT_OBJC_ISA_USAGE = YES_ERROR;
				CLANG_WARN_DOCUMENTATION_COMMENTS = YES;
				CLANG_WARN_EMPTY_BODY = YES;
				CLANG_WARN_ENUM_CONVERSION = YES;
				CLANG_WARN_INFINITE_RECURSION = YES;
				CLANG_WARN_INT_CONVERSION = YES;
				CLANG_WARN_NON_LITERAL_NULL_CONVERSION = YES;
				CLANG_WARN_OBJC_IMPLICIT_RETAIN_SELF = YES;
				CLANG_WARN_OBJC_LITERAL_CONVERSION = YES;
				CLANG_WARN_OBJC_ROOT_CLASS = YES_ERROR;
				CLANG_WARN_RANGE_LOOP_ANALYSIS = YES;
				CLANG_WARN_STRICT_PROTOTYPES = YES;
				CLANG_WARN_SUSPICIOUS_MOVE = YES;
				CLANG_WARN_UNGUARDED_AVAILABILITY = YES_AGGRESSIVE;
				CLANG_WARN_UNREACHABLE_CODE = YES;
				CLANG_WARN__DUPLICATE_METHOD_MATCH = YES;
				CODE_SIGN_IDENTITY = "iPhone Developer";
				COPY_PHASE_STRIP = NO;
				DEBUG_INFORMATION_FORMAT = "dwarf-with-dsym";
				ENABLE_NS_ASSERTIONS = NO;
				ENABLE_STRICT_OBJC_MSGSEND = YES;
				GCC_C_LANGUAGE_STANDARD = gnu11;
				GCC_NO_COMMON_BLOCKS = YES;
				GCC_WARN_64_TO_32_BIT_CONVERSION = YES;
				GCC_WARN_ABOUT_RETURN_TYPE = YES_ERROR;
				GCC_WARN_UNDECLARED_SELECTOR = YES;
				GCC_WARN_UNINITIALIZED_AUTOS = YES_AGGRESSIVE;
				GCC_WARN_UNUSED_FUNCTION = YES;
				GCC_WARN_UNUSED_VARIABLE = YES;
				IPHONEOS_DEPLOYMENT_TARGET = 12.1;
				MTL_ENABLE_DEBUG_INFO = NO;
				MTL_FAST_MATH = YES;
				SDKROOT = iphoneos;
				VALIDATE_PRODUCT = YES;
			};
			name = Release;
		};
		A55CE13D228029B8002399D3 /* Debug */ = {
			isa = XCBuildConfiguration;
			buildSettings = {
				ASSETCATALOG_COMPILER_APPICON_NAME = AppIcon;
				CODE_SIGN_STYLE = Automatic;
				DEVELOPMENT_TEAM = U4C972C9SR;
				INFOPLIST_FILE = HBNavigationControllerDemo/Info.plist;
				IPHONEOS_DEPLOYMENT_TARGET = 9.0;
				LD_RUNPATH_SEARCH_PATHS = (
					"$(inherited)",
					"@executable_path/Frameworks",
				);
				PRODUCT_BUNDLE_IDENTIFIER = com.cnvex.HBNavigationControllerDemo;
				PRODUCT_NAME = "$(TARGET_NAME)";
				TARGETED_DEVICE_FAMILY = "1,2";
			};
			name = Debug;
		};
		A55CE13E228029B8002399D3 /* Release */ = {
			isa = XCBuildConfiguration;
			buildSettings = {
				ASSETCATALOG_COMPILER_APPICON_NAME = AppIcon;
				CODE_SIGN_STYLE = Automatic;
				DEVELOPMENT_TEAM = U4C972C9SR;
				INFOPLIST_FILE = HBNavigationControllerDemo/Info.plist;
				IPHONEOS_DEPLOYMENT_TARGET = 9.0;
				LD_RUNPATH_SEARCH_PATHS = (
					"$(inherited)",
					"@executable_path/Frameworks",
				);
				PRODUCT_BUNDLE_IDENTIFIER = com.cnvex.HBNavigationControllerDemo;
				PRODUCT_NAME = "$(TARGET_NAME)";
				TARGETED_DEVICE_FAMILY = "1,2";
			};
			name = Release;
		};
/* End XCBuildConfiguration section */

/* Begin XCConfigurationList section */
		A55CE121228029AE002399D3 /* Build configuration list for PBXProject "HBNavigationControllerDemo" */ = {
			isa = XCConfigurationList;
			buildConfigurations = (
				A55CE13A228029B8002399D3 /* Debug */,
				A55CE13B228029B8002399D3 /* Release */,
			);
			defaultConfigurationIsVisible = 0;
			defaultConfigurationName = Release;
		};
		A55CE13C228029B8002399D3 /* Build configuration list for PBXNativeTarget "HBNavigationControllerDemo" */ = {
			isa = XCConfigurationList;
			buildConfigurations = (
				A55CE13D228029B8002399D3 /* Debug */,
				A55CE13E228029B8002399D3 /* Release */,
			);
			defaultConfigurationIsVisible = 0;
			defaultConfigurationName = Release;
		};
/* End XCConfigurationList section */
	};
	rootObject = A55CE11E228029AE002399D3 /* Project object */;
}
